
Microsoft Visual Studio Solution File, Format Version 12.00
# Visual Studio 2012
Project("{FAE04EC0-301F-11D3-BF4B-00C04F79EFBC}") = "DynDns53.Client.DotNetCore", "DynDns53.Client.DotNetCore\DynDns53.Client.DotNetCore.csproj", "{C01AB696-EF4F-4556-A60E-15167E541C5E}"
EndProject
Project("{E53339B2-1760-4266-BCC7-CA923CBCF16C}") = "docker-compose", "docker-compose.dcproj", "{D8C76746-D144-465F-97EA-1AF0AD94CCF8}"
EndProject
Global
	GlobalSection(SolutionConfigurationPlatforms) = preSolution
		Debug|Any CPU = Debug|Any CPU
		Release|Any CPU = Release|Any CPU
	EndGlobalSection
	GlobalSection(ProjectConfigurationPlatforms) = postSolution
		{C01AB696-EF4F-4556-A60E-15167E541C5E}.Debug|Any CPU.ActiveCfg = Debug|Any CPU
		{C01AB696-EF4F-4556-A60E-15167E541C5E}.Debug|Any CPU.Build.0 = Debug|Any CPU
		{C01AB696-EF4F-4556-A60E-15167E541C5E}.Release|Any CPU.ActiveCfg = Release|Any CPU
		{C01AB696-EF4F-4556-A60E-15167E541C5E}.Release|Any CPU.Build.0 = Release|Any CPU
		{D8C76746-D144-465F-97EA-1AF0AD94CCF8}.Debug|Any CPU.ActiveCfg = Debug|Any CPU
		{D8C76746-D144-465F-97EA-1AF0AD94CCF8}.Debug|Any CPU.Build.0 = Debug|Any CPU
		{D8C76746-D144-465F-97EA-1AF0AD94CCF8}.Release|Any CPU.ActiveCfg = Release|Any CPU
		{D8C76746-D144-465F-97EA-1AF0AD94CCF8}.Release|Any CPU.Build.0 = Release|Any CPU
	EndGlobalSection
EndGlobal
